{
  "lockfile_version": "1",
  "packages": {
    "github:NixOS/nixpkgs/nixpkgs-unstable": {
      "last_modified": "2026-01-02T14:39:32Z",
      "resolved": "github:NixOS/nixpkgs/16c7794d0a28b5a37904d55bcca36003b9109aaa?lastModified=1767364772&narHash=sha256-fFUnEYMla8b7UKjijLnMe%2BoVFOz6HjijGGNS1l7dYaQ%3D"
    },
    "go-task@latest": {
      "last_modified": "2025-12-31T03:27:36Z",
      "resolved": "github:NixOS/nixpkgs/f665af0cdb70ed27e1bd8f9fdfecaf451260fc55#go-task",
      "source": "devbox-search",
      "version": "3.45.5",
      "systems": {
        "aarch64-darwin": {
          "outputs": [
            {
              "name": "out",
              "path": "/nix/store/9ybcllfqylj7a7w42kiw9vqwd941s5lw-go-task-3.45.5",
              "default": true
            }
          ],
          "store_path": "/nix/store/9ybcllfqylj7a7w42kiw9vqwd941s5lw-go-task-3.45.5"
        },
        "aarch64-linux": {
          "outputs": [
            {
              "name": "out",
              "path": "/nix/store/xiyrhd65ya9ynf3mrvb9kfg00x7nf1m6-go-task-3.45.5",
              "default": true
            }
          ],
          "store_path": "/nix/store/xiyrhd65ya9ynf3mrvb9kfg00x7nf1m6-go-task-3.45.5"
        },
        "x86_64-darwin": {
          "outputs": [
            {
              "name": "out",
              "path": "/nix/store/znxnsk6k9ar637pi2dimrxmijqq0lf0b-go-task-3.45.5",
              "default": true
            }
          ],
          "store_path": "/nix/store/znxnsk6k9ar637pi2dimrxmijqq0lf0b-go-task-3.45.5"
        },
        "x86_64-linux": {
          "outputs": [
            {
              "name": "out",
              "path": "/nix/store/w2hq0and0k2v1l4fbfsa6r4sadvixhsg-go-task-3.45.5",
              "default": true
            }
          ],
          "store_path": "/nix/store/w2hq0and0k2v1l4fbfsa6r4sadvixhsg-go-task-3.45.5"
        }
      }
    },
    "nodePackages.pm2@latest": {
      "last_modified": "2024-01-27T14:55:31Z",
      "resolved": "github:NixOS/nixpkgs/160b762eda6d139ac10ae081f8f78d640dd523eb#nodePackages.pm2",
      "source": "devbox-search",
      "version": "5.3.0",
      "systems": {
        "aarch64-darwin": {
          "outputs": [
            {
              "name": "out",
              "path": "/nix/store/k2nnhpa83gf080srmp7yc7a7gcyry7nw-pm2-5.3.0",
              "default": true
            }
          ],
          "store_path": "/nix/store/k2nnhpa83gf080srmp7yc7a7gcyry7nw-pm2-5.3.0"
        },
        "aarch64-linux": {
          "outputs": [
            {
              "name": "out",
              "path": "/nix/store/g7dvadagzs8wann4g2902i7njvi1sdsc-pm2-5.3.0",
              "default": true
            }
          ],
          "store_path": "/nix/store/g7dvadagzs8wann4g2902i7njvi1sdsc-pm2-5.3.0"
        },
        "x86_64-darwin": {
          "outputs": [
            {
              "name": "out",
              "path": "/nix/store/kqmilzxsa3ldbiyzjb57yiy3djf0hba8-pm2-5.3.0",
              "default": true
            }
          ],
          "store_path": "/nix/store/kqmilzxsa3ldbiyzjb57yiy3djf0hba8-pm2-5.3.0"
        },
        "x86_64-linux": {
          "outputs": [
            {
              "name": "out",
              "path": "/nix/store/skzizp5p3l8dhkypyj6fhzpzwypb2781-pm2-5.3.0",
              "default": true
            }
          ],
          "store_path": "/nix/store/skzizp5p3l8dhkypyj6fhzpzwypb2781-pm2-5.3.0"
        }
      }
    },
    "nodejs@22": {
      "last_modified": "2026-03-07T23:46:50Z",
      "plugin_version": "0.0.2",
      "resolved": "github:NixOS/nixpkgs/0e6cdd5be64608ef630c2e41f8d51d484468492f#nodejs_22",
      "source": "devbox-search",
      "version": "22.22.1",
      "systems": {
        "aarch64-darwin": {
          "outputs": [
            {
              "name": "out",
              "path": "/nix/store/wdx9p4gghi0sls24f5hn8145cpzjqj43-nodejs-22.22.1",
              "default": true
            }
          ],
          "store_path": "/nix/store/wdx9p4gghi0sls24f5hn8145cpzjqj43-nodejs-22.22.1"
        },
        "aarch64-linux": {
          "outputs": [
            {
              "name": "out",
              "path": "/nix/store/glbfk71nc2rx4c1m5zcjhs8jg5wb6lj8-nodejs-22.22.1",
              "default": true
            }
          ],
          "store_path": "/nix/store/glbfk71nc2rx4c1m5zcjhs8jg5wb6lj8-nodejs-22.22.1"
        },
        "x86_64-darwin": {
          "outputs": [
            {
              "name": "out",
              "path": "/nix/store/3xnw8sh8i30b4pfpryrj3f572kkmzcim-nodejs-22.22.1",
              "default": true
            }
          ],
          "store_path": "/nix/store/3xnw8sh8i30b4pfpryrj3f572kkmzcim-nodejs-22.22.1"
        },
        "x86_64-linux": {
          "outputs": [
            {
              "name": "out",
              "path": "/nix/store/gi0p7azcixb20pddx39k5mwnkj6xl4bz-nodejs-22.22.1",
              "default": true
            }
          ],
          "store_path": "/nix/store/gi0p7azcixb20pddx39k5mwnkj6xl4bz-nodejs-22.22.1"
        }
      }
    },
    "rsync@latest": {
      "last_modified": "2025-12-31T03:27:36Z",
      "resolved": "github:NixOS/nixpkgs/f665af0cdb70ed27e1bd8f9fdfecaf451260fc55#rsync",
      "source": "devbox-search",
      "version": "3.4.1",
      "systems": {
        "aarch64-darwin": {
          "outputs": [
            {
              "name": "out",
              "path": "/nix/store/74rqg545112b6rn81kjdbhl15rhq7zbr-rsync-3.4.1",
              "default": true
            }
          ],
          "store_path": "/nix/store/74rqg545112b6rn81kjdbhl15rhq7zbr-rsync-3.4.1"
        },
        "aarch64-linux": {
          "outputs": [
            {
              "name": "out",
              "path": "/nix/store/n8bl4xlq29z88v32hflywimq083fj91n-rsync-3.4.1",
              "default": true
            }
          ],
          "store_path": "/nix/store/n8bl4xlq29z88v32hflywimq083fj91n-rsync-3.4.1"
        },
        "x86_64-darwin": {
          "outputs": [
            {
              "name": "out",
              "path": "/nix/store/pr0diqkb2ww7in29zgxk3sdy3c4929nw-rsync-3.4.1",
              "default": true
            }
          ],
          "store_path": "/nix/store/pr0diqkb2ww7in29zgxk3sdy3c4929nw-rsync-3.4.1"
        },
        "x86_64-linux": {
          "outputs": [
            {
              "name": "out",
              "path": "/nix/store/fk8ljs32hcw2qgx9g4d815cffmx06yqx-rsync-3.4.1",
              "default": true
            }
          ],
          "store_path": "/nix/store/fk8ljs32hcw2qgx9g4d815cffmx06yqx-rsync-3.4.1"
        }
      }
    }
  }
}
